// !$*UTF8*$!
{
	archiveVersion = 1;
	classes = {
	};
	objectVersion = 50;
	objects = {

/* Begin PBXBuildFile section */
		9C38DD4F26AA261000F41829 /* AppDelegate.swift in Sources */ = {isa = PBXBuildFile; fileRef = 9C38DD4E26AA261000F41829 /* AppDelegate.swift */; };
		9C38DD5126AA261000F41829 /* SceneDelegate.swift in Sources */ = {isa = PBXBuildFile; fileRef = 9C38DD5026AA261000F41829 /* SceneDelegate.swift */; };
		9C38DD5326AA261000F41829 /* ViewController.swift in Sources */ = {isa = PBXBuildFile; fileRef = 9C38DD5226AA261000F41829 /* ViewController.swift */; };
		9C38DD5626AA261000F41829 /* Main.storyboard in Resources */ = {isa = PBXBuildFile; fileRef = 9C38DD5426AA261000F41829 /* Main.storyboard */; };
		9C38DD5826AA261800F41829 /* Assets.xcassets in Resources */ = {isa = PBXBuildFile; fileRef = 9C38DD5726AA261800F41829 /* Assets.xcassets */; };
		9C38DD5B26AA261800F41829 /* LaunchScreen.storyboard in Resources */ = {isa = PBXBuildFile; fileRef = 9C38DD5926AA261800F41829 /* LaunchScreen.storyboard */; };
		9C38DD6626AA261800F41829 /* PreworkTests.swift in Sources */ = {isa = PBXBuildFile; fileRef = 9C38DD6526AA261800F41829 /* PreworkTests.swift */; };
		9C38DD7126AA261800F41829 /* PreworkUITests.swift in Sources */ = {isa = PBXBuildFile; fileRef = 9C38DD7026AA261800F41829 /* PreworkUITests.swift */; };
/* End PBXBuildFile section */

/* Begin PBXContainerItemProxy section */
		9C38DD6226AA261800F41829 /* PBXContainerItemProxy */ = {
			isa = PBXContainerItemProxy;
			containerPortal = 9C38DD4326AA261000F41829 /* Project object */;
			proxyType = 1;
			remoteGlobalIDString = 9C38DD4A26AA261000F41829;
			remoteInfo = Prework;
		};
		9C38DD6D26AA261800F41829 /* PBXContainerItemProxy */ = {
			isa = PBXContainerItemProxy;
			containerPortal = 9C38DD4326AA261000F41829 /* Project object */;
			proxyType = 1;
			remoteGlobalIDString = 9C38DD4A26AA261000F41829;
			remoteInfo = Prework;
		};
/* End PBXContainerItemProxy section */

/* Begin PBXFileReference section */
		9C38DD4B26AA261000F41829 /* Prework.app */ = {isa = PBXFileReference; explicitFileType = wrapper.application; includeInIndex = 0; path = Prework.app; sourceTree = BUILT_PRODUCTS_DIR; };
		9C38DD4E26AA261000F41829 /* AppDelegate.swift */ = {isa = PBXFileReference; lastKnownFileType = sourcecode.swift; path = AppDelegate.swift; sourceTree = "<group>"; };
		9C38DD5026AA261000F41829 /* SceneDelegate.swift */ = {isa = PBXFileReference; lastKnownFileType = sourcecode.swift; path = SceneDelegate.swift; sourceTree = "<group>"; };
		9C38DD5226AA261000F41829 /* ViewController.swift */ = {isa = PBXFileReference; lastKnownFileType = sourcecode.swift; path = ViewController.swift; sourceTree = "<group>"; };
		9C38DD5526AA261000F41829 /* Base */ = {isa = PBXFileReference; lastKnownFileType = file.storyboard; name = Base; path = Base.lproj/Main.storyboard; sourceTree = "<group>"; };
		9C38DD5726AA261800F41829 /* Assets.xcassets */ = {isa = PBXFileReference; lastKnownFileType = folder.assetcatalog; path = Assets.xcassets; sourceTree = "<group>"; };
		9C38DD5A26AA261800F41829 /* Base */ = {isa = PBXFileReference; lastKnownFileType = file.storyboard; name = Base; path = Base.lproj/LaunchScreen.storyboard; sourceTree = "<group>"; };
		9C38DD5C26AA261800F41829 /* Info.plist */ = {isa = PBXFileReference; lastKnownFileType = text.plist.xml; path = Info.plist; sourceTree = "<group>"; };
		9C38DD6126AA261800F41829 /* PreworkTests.xctest */ = {isa = PBXFileReference; explicitFileType = wrapper.cfbundle; includeInIndex = 0; path = PreworkTests.xctest; sourceTree = BUILT_PRODUCTS_DIR; };
		9C38DD6526AA261800F41829 /* PreworkTests.swift */ = {isa = PBXFileReference; lastKnownFileType = sourcecode.swift; path = PreworkTests.swift; sourceTree = "<group>"; };
		9C38DD6726AA261800F41829 /* Info.plist */ = {isa = PBXFileReference; lastKnownFileType = text.plist.xml; path = Info.plist; sourceTree = "<group>"; };
		9C38DD6C26AA261800F41829 /* PreworkUITests.xctest */ = {isa = PBXFileReference; explicitFileType = wrapper.cfbundle; includeInIndex = 0; path = PreworkUITests.xctest; sourceTree = BUILT_PRODUCTS_DIR; };
		9C38DD7026AA261800F41829 /* PreworkUITests.swift */ = {isa = PBXFileReference; lastKnownFileType = sourcecode.swift; path = PreworkUITests.swift; sourceTree = "<group>"; };
		9C38DD7226AA261800F41829 /* Info.plist */ = {isa = PBXFileReference; lastKnownFileType = text.plist.xml; path = Info.plist; sourceTree = "<group>"; };
/* End PBXFileReference section */

/* Begin PBXFrameworksBuildPhase section */
		9C38DD4826AA261000F41829 /* Frameworks */ = {
			isa = PBXFrameworksBuildPhase;
			buildActionMask = 2147483647;
			files = (
			);
			runOnlyForDeploymentPostprocessing = 0;
		};
		9C38DD5E26AA261800F41829 /* Frameworks */ = {
			isa = PBXFrameworksBuildPhase;
			buildActionMask = 2147483647;
			files = (
			);
			runOnlyForDeploymentPostprocessing = 0;
		};
		9C38DD6926AA261800F41829 /* Frameworks */ = {
			isa = PBXFrameworksBuildPhase;
			buildActionMask = 2147483647;
			files = (
			);
			runOnlyForDeploymentPostprocessing = 0;
		};
/* End PBXFrameworksBuildPhase section */

/* Begin PBXGroup section */
		9C38DD4226AA261000F41829 = {
			isa = PBXGroup;
			children = (
				9C38DD4D26AA261000F41829 /* Prework */,
				9C38DD6426AA261800F41829 /* PreworkTests */,
				9C38DD6F26AA261800F41829 /* PreworkUITests */,
				9C38DD4C26AA261000F41829 /* Products */,
			);
			sourceTree = "<group>";
		};
		9C38DD4C26AA261000F41829 /* Products */ = {
			isa = PBXGroup;
			children = (
				9C38DD4B26AA261000F41829 /* Prework.app */,
				9C38DD6126AA261800F41829 /* PreworkTests.xctest */,
				9C38DD6C26AA261800F41829 /* PreworkUITests.xctest */,
			);
			name = Products;
			sourceTree = "<group>";
		};
		9C38DD4D26AA261000F41829 /* Prework */ = {
			isa = PBXGroup;
			children = (
				9C38DD4E26AA261000F41829 /* AppDelegate.swift */,
				9C38DD5026AA261000F41829 /* SceneDelegate.swift */,
				9C38DD5226AA261000F41829 /* ViewController.swift */,
				9C38DD5426AA261000F41829 /* Main.storyboard */,
				9C38DD5726AA261800F41829 /* Assets.xcassets */,
				9C38DD5926AA261800F41829 /* LaunchScreen.storyboard */,
				9C38DD5C26AA261800F41829 /* Info.plist */,
			);
			path = Prework;
			sourceTree = "<group>";
		};
		9C38DD6426AA261800F41829 /* PreworkTests */ = {
			isa = PBXGroup;
			children = (
				9C38DD6526AA261800F41829 /* PreworkTests.swift */,
				9C38DD6726AA261800F41829 /* Info.plist */,
			);
			path = PreworkTests;
			sourceTree = "<group>";
		};
		9C38DD6F26AA261800F41829 /* PreworkUITests */ = {
			isa = PBXGroup;
			children = (
				9C38DD7026AA261800F41829 /* PreworkUITests.swift */,
				9C38DD7226AA261800F41829 /* Info.plist */,
			);
			path = PreworkUITests;
			sourceTree = "<group>";
		};
/* End PBXGroup section */

/* Begin PBXNativeTarget section */
		9C38DD4A26AA261000F41829 /* Prework */ = {
			isa = PBXNativeTarget;
			buildConfigurationList = 9C38DD7526AA261800F41829 /* Build configuration list for PBXNativeTarget "Prework" */;
			buildPhases = (
				9C38DD4726AA261000F41829 /* Sources */,
				9C38DD4826AA261000F41829 /* Frameworks */,
				9C38DD4926AA261000F41829 /* Resources */,
			);
			buildRules = (
			);
			dependencies = (
			);
			name = Prework;
			productName = Prework;
			productReference = 9C38DD4B26AA261000F41829 /* Prework.app */;
			productType = "com.apple.product-type.application";
		};
		9C38DD6026AA261800F41829 /* PreworkTests */ = {
			isa = PBXNativeTarget;
			buildConfigurationList = 9C38DD7826AA261800F41829 /* Build configuration list for PBXNativeTarget "PreworkTests" */;
			buildPhases = (
				9C38DD5D26AA261800F41829 /* Sources */,
				9C38DD5E26AA261800F41829 /* Frameworks */,
				9C38DD5F26AA261800F41829 /* Resources */,
			);
			buildRules = (
			);
			dependencies = (
				9C38DD6326AA261800F41829 /* PBXTargetDependency */,
			);
			name = PreworkTests;
			productName = PreworkTests;
			productReference = 9C38DD6126AA261800F41829 /* PreworkTests.xctest */;
			productType = "com.apple.product-type.bundle.unit-test";
		};
		9C38DD6B26AA261800F41829 /* PreworkUITests */ = {
			isa = PBXNativeTarget;
			buildConfigurationList = 9C38DD7B26AA261800F41829 /* Build configuration list for PBXNativeTarget "PreworkUITests" */;
			buildPhases = (
				9C38DD6826AA261800F41829 /* Sources */,
				9C38DD6926AA261800F41829 /* Frameworks */,
				9C38DD6A26AA261800F41829 /* Resources */,
			);
			buildRules = (
			);
			dependencies = (
				9C38DD6E26AA261800F41829 /* PBXTargetDependency */,
			);
			name = PreworkUITests;
			productName = PreworkUITests;
			productReference = 9C38DD6C26AA261800F41829 /* PreworkUITests.xctest */;
			productType = "com.apple.product-type.bundle.ui-testing";
		};
/* End PBXNativeTarget section */

/* Begin PBXProject section */
		9C38DD4326AA261000F41829 /* Project object */ = {
			isa = PBXProject;
			attributes = {
				LastSwiftUpdateCheck = 1170;
				LastUpgradeCheck = 1170;
				ORGANIZATIONNAME = "Tahsin Provath";
				TargetAttributes = {
					9C38DD4A26AA261000F41829 = {
						CreatedOnToolsVersion = 11.7;
					};
					9C38DD6026AA261800F41829 = {
						CreatedOnToolsVersion = 11.7;
						TestTargetID = 9C38DD4A26AA261000F41829;
					};
					9C38DD6B26AA261800F41829 = {
						CreatedOnToolsVersion = 11.7;
						TestTargetID = 9C38DD4A26AA261000F41829;
					};
				};
			};
			buildConfigurationList = 9C38DD4626AA261000F41829 /* Build configuration list for PBXProject "Prework" */;
			compatibilityVersion = "Xcode 9.3";
			developmentRegion = en;
			hasScannedForEncodings = 0;
			knownRegions = (
				en,
				Base,
			);
			mainGroup = 9C38DD4226AA261000F41829;
			productRefGroup = 9C38DD4C26AA261000F41829 /* Products */;
			projectDirPath = "";
			projectRoot = "";
			targets = (
				9C38DD4A26AA261000F41829 /* Prework */,
				9C38DD6026AA261800F41829 /* PreworkTests */,
				9C38DD6B26AA261800F41829 /* PreworkUITests */,
			);
		};
/* End PBXProject section */

/* Begin PBXResourcesBuildPhase section */
		9C38DD4926AA261000F41829 /* Resources */ = {
			isa = PBXResourcesBuildPhase;
			buildActionMask = 2147483647;
			files = (
				9C38DD5B26AA261800F41829 /* LaunchScreen.storyboard in Resources */,
				9C38DD5826AA261800F41829 /* Assets.xcassets in Resources */,
				9C38DD5626AA261000F41829 /* Main.storyboard in Resources */,
			);
			runOnlyForDeploymentPostprocessing = 0;
		};
		9C38DD5F26AA261800F41829 /* Resources */ = {
			isa = PBXResourcesBuildPhase;
			buildActionMask = 2147483647;
			files = (
			);
			runOnlyForDeploymentPostprocessing = 0;
		};
		9C38DD6A26AA261800F41829 /* Resources */ = {
			isa = PBXResourcesBuildPhase;
			buildActionMask = 2147483647;
			files = (
			);
			runOnlyForDeploymentPostprocessing = 0;
		};
/* End PBXResourcesBuildPhase section */

/* Begin PBXSourcesBuildPhase section */
		9C38DD4726AA261000F41829 /* Sources */ = {
			isa = PBXSourcesBuildPhase;
			buildActionMask = 2147483647;
			files = (
				9C38DD5326AA261000F41829 /* ViewController.swift in Sources */,
				9C38DD4F26AA261000F41829 /* AppDelegate.swift in Sources */,
				9C38DD5126AA261000F41829 /* SceneDelegate.swift in Sources */,
			);
			runOnlyForDeploymentPostprocessing = 0;
		};
		9C38DD5D26AA261800F41829 /* Sources */ = {
			isa = PBXSourcesBuildPhase;
			buildActionMask = 2147483647;
			files = (
				9C38DD6626AA261800F41829 /* PreworkTests.swift in Sources */,
			);
			runOnlyForDeploymentPostprocessing = 0;
		};
		9C38DD6826AA261800F41829 /* Sources */ = {
			isa = PBXSourcesBuildPhase;
			buildActionMask = 2147483647;
			files = (
				9C38DD7126AA261800F41829 /* PreworkUITests.swift in Sources */,
			);
			runOnlyForDeploymentPostprocessing = 0;
		};
/* End PBXSourcesBuildPhase section */

/* Begin PBXTargetDependency section */
		9C38DD6326AA261800F41829 /* PBXTargetDependency */ = {
			isa = PBXTargetDependency;
			target = 9C38DD4A26AA261000F41829 /* Prework */;
			targetProxy = 9C38DD6226AA261800F41829 /* PBXContainerItemProxy */;
		};
		9C38DD6E26AA261800F41829 /* PBXTargetDependency */ = {
			isa = PBXTargetDependency;
			target = 9C38DD4A26AA261000F41829 /* Prework */;
			targetProxy = 9C38DD6D26AA261800F41829 /* PBXContainerItemProxy */;
		};
/* End PBXTargetDependency section */

/* Begin PBXVariantGroup section */
		9C38DD5426AA261000F41829 /* Main.storyboard */ = {
			isa = PBXVariantGroup;
			children = (
				9C38DD5526AA261000F41829 /* Base */,
			);
			name = Main.storyboard;
			sourceTree = "<group>";
		};
		9C38DD5926AA261800F41829 /* LaunchScreen.storyboard */ = {
			isa = PBXVariantGroup;
			children = (
				9C38DD5A26AA261800F41829 /* Base */,
			);
			name = LaunchScreen.storyboard;
			sourceTree = "<group>";
		};
/* End PBXVariantGroup section */

/* Begin XCBuildConfiguration section */
		9C38DD7326AA261800F41829 /* Debug */ = {
			isa = XCBuildConfiguration;
			buildSettings = {
				ALWAYS_SEARCH_USER_PATHS = NO;
				CLANG_ANALYZER_NONNULL = YES;
				CLANG_ANALYZER_NUMBER_OBJECT_CONVERSION = YES_AGGRESSIVE;
				CLANG_CXX_LANGUAGE_STANDARD = "gnu++14";
				CLANG_CXX_LIBRARY = "libc++";
				CLANG_ENABLE_MODULES = YES;
				CLANG_ENABLE_OBJC_ARC = YES;
				CLANG_ENABLE_OBJC_WEAK = YES;
				CLANG_WARN_BLOCK_CAPTURE_AUTORELEASING = YES;
				CLANG_WARN_BOOL_CONVERSION = YES;
				CLANG_WARN_COMMA = YES;
				CLANG_WARN_CONSTANT_CONVERSION = YES;
				CLANG_WARN_DEPRECATED_OBJC_IMPLEMENTATIONS = YES;
				CLANG_WARN_DIRECT_OBJC_ISA_USAGE = YES_ERROR;
				CLANG_WARN_DOCUMENTATION_COMMENTS = YES;
				CLANG_WARN_EMPTY_BODY = YES;
				CLANG_WARN_ENUM_CONVERSION = YES;
				CLANG_WARN_INFINITE_RECURSION = YES;
				CLANG_WARN_INT_CONVERSION = YES;
				CLANG_WARN_NON_LITERAL_NULL_CONVERSION = YES;
				CLANG_WARN_OBJC_IMPLICIT_RETAIN_SELF = YES;
				CLANG_WARN_OBJC_LITERAL_CONVERSION = YES;
				CLANG_WARN_OBJC_ROOT_CLASS = YES_ERROR;
				CLANG_WARN_RANGE_LOOP_ANALYSIS = YES;
				CLANG_WARN_STRICT_PROTOTYPES = YES;
				CLANG_WARN_SUSPICIOUS_MOVE = YES;
				CLANG_WARN_UNGUARDED_AVAILABILITY = YES_AGGRESSIVE;
				CLANG_WARN_UNREACHABLE_CODE = YES;
				CLANG_WARN__DUPLICATE_METHOD_MATCH = YES;
				COPY_PHASE_STRIP = NO;
				DEBUG_INFORMATION_FORMAT = dwarf;
				ENABLE_STRICT_OBJC_MSGSEND = YES;
				ENABLE_TESTABILITY = YES;
				GCC_C_LANGUAGE_STANDARD = gnu11;
				GCC_DYNAMIC_NO_PIC = NO;
				GCC_NO_COMMON_BLOCKS = YES;
				GCC_OPTIMIZATION_LEVEL = 0;
				GCC_PREPROCESSOR_DEFINITIONS = (
					"DEBUG=1",
					"$(inherited)",
				);
				GCC_WARN_64_TO_32_BIT_CONVERSION = YES;
				GCC_WARN_ABOUT_RETURN_TYPE = YES_ERROR;
				GCC_WARN_UNDECLARED_SELECTOR = YES;
				GCC_WARN_UNINITIALIZED_AUTOS = YES_AGGRESSIVE;
				GCC_WARN_UNUSED_FUNCTION = YES;
				GCC_WARN_UNUSED_VARIABLE = YES;
				IPHONEOS_DEPLOYMENT_TARGET = 13.7;
				MTL_ENABLE_DEBUG_INFO = INCLUDE_SOURCE;
				MTL_FAST_MATH = YES;
				ONLY_ACTIVE_ARCH = YES;
				SDKROOT = iphoneos;
				SWIFT_ACTIVE_COMPILATION_CONDITIONS = DEBUG;
				SWIFT_OPTIMIZATION_LEVEL = "-Onone";
			};
			name = Debug;
		};
		9C38DD7426AA261800F41829 /* Release */ = {
			isa = XCBuildConfiguration;
			buildSettings = {
				ALWAYS_SEARCH_USER_PATHS = NO;
				CLANG_ANALYZER_NONNULL = YES;
				CLANG_ANALYZER_NUMBER_OBJECT_CONVERSION = YES_AGGRESSIVE;
				CLANG_CXX_LANGUAGE_STANDARD = "gnu++14";
				CLANG_CXX_LIBRARY = "libc++";
				CLANG_ENABLE_MODULES = YES;
				CLANG_ENABLE_OBJC_ARC = YES;
				CLANG_ENABLE_OBJC_WEAK = YES;
				CLANG_WARN_BLOCK_CAPTURE_AUTORELEASING = YES;
				CLANG_WARN_BOOL_CONVERSION = YES;
				CLANG_WARN_COMMA = YES;
				CLANG_WARN_CONSTANT_CONVERSION = YES;
				CLANG_WARN_DEPRECATED_OBJC_IMPLEMENTATIONS = YES;
				CLANG_WARN_DIRECT_OBJC_ISA_USAGE = YES_ERROR;
				CLANG_WARN_DOCUMENTATION_COMMENTS = YES;
				CLANG_WARN_EMPTY_BODY = YES;
				CLANG_WARN_ENUM_CONVERSION = YES;
				CLANG_WARN_INFINITE_RECURSION = YES;
				CLANG_WARN_INT_CONVERSION = YES;
				CLANG_WARN_NON_LITERAL_NULL_CONVERSION = YES;
				CLANG_WARN_OBJC_IMPLICIT_RETAIN_SELF = YES;
				CLANG_WARN_OBJC_LITERAL_CONVERSION = YES;
				CLANG_WARN_OBJC_ROOT_CLASS = YES_ERROR;
				CLANG_WARN_RANGE_LOOP_ANALYSIS = YES;
				CLANG_WARN_STRICT_PROTOTYPES = YES;
				CLANG_WARN_SUSPICIOUS_MOVE = YES;
				CLANG_WARN_UNGUARDED_AVAILABILITY = YES_AGGRESSIVE;
				CLANG_WARN_UNREACHABLE_CODE = YES;
				CLANG_WARN__DUPLICATE_METHOD_MATCH = YES;
				COPY_PHASE_STRIP = NO;
				DEBUG_INFORMATION_FORMAT = "dwarf-with-dsym";
				ENABLE_NS_ASSERTIONS = NO;
				ENABLE_STRICT_OBJC_MSGSEND = YES;
				GCC_C_LANGUAGE_STANDARD = gnu11;
				GCC_NO_COMMON_BLOCKS = YES;
				GCC_WARN_64_TO_32_BIT_CONVERSION = YES;
				GCC_WARN_ABOUT_RETURN_TYPE = YES_ERROR;
				GCC_WARN_UNDECLARED_SELECTOR = YES;
				GCC_WARN_UNINITIALIZED_AUTOS = YES_AGGRESSIVE;
				GCC_WARN_UNUSED_FUNCTION = YES;
				GCC_WARN_UNUSED_VARIABLE = YES;
				IPHONEOS_DEPLOYMENT_TARGET = 13.7;
				MTL_ENABLE_DEBUG_INFO = NO;
				MTL_FAST_MATH = YES;
				SDKROOT = iphoneos;
				SWIFT_COMPILATION_MODE = wholemodule;
				SWIFT_OPTIMIZATION_LEVEL = "-O";
				VALIDATE_PRODUCT = YES;
			};
			name = Release;
		};
		9C38DD7626AA261800F41829 /* Debug */ = {
			isa = XCBuildConfiguration;
			buildSettings = {
				ASSETCATALOG_COMPILER_APPICON_NAME = AppIcon;
				CODE_SIGN_STYLE = Automatic;
				INFOPLIST_FILE = Prework/Info.plist;
				LD_RUNPATH_SEARCH_PATHS = (
					"$(inherited)",
					"@executable_path/Frameworks",
				);
				PRODUCT_BUNDLE_IDENTIFIER = com.tahsinp.Prework;
				PRODUCT_NAME = "$(TARGET_NAME)";
				SWIFT_VERSION = 5.0;
				TARGETED_DEVICE_FAMILY = "1,2";
			};
			name = Debug;
		};
		9C38DD7726AA261800F41829 /* Release */ = {
			isa = XCBuildConfiguration;
			buildSettings = {
				ASSETCATALOG_COMPILER_APPICON_NAME = AppIcon;
				CODE_SIGN_STYLE = Automatic;
				INFOPLIST_FILE = Prework/Info.plist;
				LD_RUNPATH_SEARCH_PATHS = (
					"$(inherited)",
					"@executable_path/Frameworks",
				);
				PRODUCT_BUNDLE_IDENTIFIER = com.tahsinp.Prework;
				PRODUCT_NAME = "$(TARGET_NAME)";
				SWIFT_VERSION = 5.0;
				TARGETED_DEVICE_FAMILY = "1,2";
			};
			name = Release;
		};
		9C38DD7926AA261800F41829 /* Debug */ = {
			isa = XCBuildConfiguration;
			buildSettings = {
				ALWAYS_EMBED_SWIFT_STANDARD_LIBRARIES = YES;
				BUNDLE_LOADER = "$(TEST_HOST)";
				CODE_SIGN_STYLE = Automatic;
				INFOPLIST_FILE = PreworkTests/Info.plist;
				IPHONEOS_DEPLOYMENT_TARGET = 13.7;
				LD_RUNPATH_SEARCH_PATHS = (
					"$(inherited)",
					"@executable_path/Frameworks",
					"@loader_path/Frameworks",
				);
				PRODUCT_BUNDLE_IDENTIFIER = com.tahsinp.PreworkTests;
				PRODUCT_NAME = "$(TARGET_NAME)";
				SWIFT_VERSION = 5.0;
				TARGETED_DEVICE_FAMILY = "1,2";
				TEST_HOST = "$(BUILT_PRODUCTS_DIR)/Prework.app/Prework";
			};
			name = Debug;
		};
		9C38DD7A26AA261800F41829 /* Release */ = {
			isa = XCBuildConfiguration;
			buildSettings = {
				ALWAYS_EMBED_SWIFT_STANDARD_LIBRARIES = YES;
				BUNDLE_LOADER = "$(TEST_HOST)";
				CODE_SIGN_STYLE = Automatic;
				INFOPLIST_FILE = PreworkTests/Info.plist;
				IPHONEOS_DEPLOYMENT_TARGET = 13.7;
				LD_RUNPATH_SEARCH_PATHS = (
					"$(inherited)",
					"@executable_path/Frameworks",
					"@loader_path/Frameworks",
				);
				PRODUCT_BUNDLE_IDENTIFIER = com.tahsinp.PreworkTests;
				PRODUCT_NAME = "$(TARGET_NAME)";
				SWIFT_VERSION = 5.0;
				TARGETED_DEVICE_FAMILY = "1,2";
				TEST_HOST = "$(BUILT_PRODUCTS_DIR)/Prework.app/Prework";
			};
			name = Release;
		};
		9C38DD7C26AA261800F41829 /* Debug */ = {
			isa = XCBuildConfiguration;
			buildSettings = {
				ALWAYS_EMBED_SWIFT_STANDARD_LIBRARIES = YES;
				CODE_SIGN_STYLE = Automatic;
				INFOPLIST_FILE = PreworkUITests/Info.plist;
				LD_RUNPATH_SEARCH_PATHS = (
					"$(inherited)",
					"@executable_path/Frameworks",
					"@loader_path/Frameworks",
				);
				PRODUCT_BUNDLE_IDENTIFIER = com.tahsinp.PreworkUITests;
				PRODUCT_NAME = "$(TARGET_NAME)";
				SWIFT_VERSION = 5.0;
				TARGETED_DEVICE_FAMILY = "1,2";
				TEST_TARGET_NAME = Prework;
			};
			name = Debug;
		};
		9C38DD7D26AA261800F41829 /* Release */ = {
			isa = XCBuildConfiguration;
			buildSettings = {
				ALWAYS_EMBED_SWIFT_STANDARD_LIBRARIES = YES;
				CODE_SIGN_STYLE = Automatic;
				INFOPLIST_FILE = PreworkUITests/Info.plist;
				LD_RUNPATH_SEARCH_PATHS = (
					"$(inherited)",
					"@executable_path/Frameworks",
					"@loader_path/Frameworks",
				);
				PRODUCT_BUNDLE_IDENTIFIER = com.tahsinp.PreworkUITests;
				PRODUCT_NAME = "$(TARGET_NAME)";
				SWIFT_VERSION = 5.0;
				TARGETED_DEVICE_FAMILY = "1,2";
				TEST_TARGET_NAME = Prework;
			};
			name = Release;
		};
/* End XCBuildConfiguration section */

/* Begin XCConfigurationList section */
		9C38DD4626AA261000F41829 /* Build configuration list for PBXProject "Prework" */ = {
			isa = XCConfigurationList;
			buildConfigurations = (
				9C38DD7326AA261800F41829 /* Debug */,
				9C38DD7426AA261800F41829 /* Release */,
			);
			defaultConfigurationIsVisible = 0;
			defaultConfigurationName = Release;
		};
		9C38DD7526AA261800F41829 /* Build configuration list for PBXNativeTarget "Prework" */ = {
			isa = XCConfigurationList;
			buildConfigurations = (
				9C38DD7626AA261800F41829 /* Debug */,
				9C38DD7726AA261800F41829 /* Release */,
			);
			defaultConfigurationIsVisible = 0;
			defaultConfigurationName = Release;
		};
		9C38DD7826AA261800F41829 /* Build configuration list for PBXNativeTarget "PreworkTests" */ = {
			isa = XCConfigurationList;
			buildConfigurations = (
				9C38DD7926AA261800F41829 /* Debug */,
				9C38DD7A26AA261800F41829 /* Release */,
			);
			defaultConfigurationIsVisible = 0;
			defaultConfigurationName = Release;
		};
		9C38DD7B26AA261800F41829 /* Build configuration list for PBXNativeTarget "PreworkUITests" */ = {
			isa = XCConfigurationList;
			buildConfigurations = (
				9C38DD7C26AA261800F41829 /* Debug */,
				9C38DD7D26AA261800F41829 /* Release */,
			);
			defaultConfigurationIsVisible = 0;
			defaultConfigurationName = Release;
		};
/* End XCConfigurationList section */
	};
	rootObject = 9C38DD4326AA261000F41829 /* Project object */;
}
